
Microsoft Visual Studio Solution File, Format Version 12.00
# Visual Studio 14
VisualStudioVersion = 14.0.23107.0
MinimumVisualStudioVersion = 10.0.40219.1
Project("{FAE04EC0-301F-11D3-BF4B-00C04F79EFBC}") = "SDL.DXA.Modules.AlpacaForms", "SDL.DXA.Modules.AlpacaForms\SDL.DXA.Modules.AlpacaForms.csproj", "{61F48D4A-64C4-4651-84A2-393937BD6B6C}"
EndProject
Project("{FAE04EC0-301F-11D3-BF4B-00C04F79EFBC}") = "SDL.DXA.AlpacaForms.DBHandler", "SDL.DXA.AlpacaForms.DBHandler\SDL.DXA.AlpacaForms.DBHandler.csproj", "{6293D7EB-84E0-43D7-B8A4-4C0A15AB829C}"
EndProject
Global
	GlobalSection(SolutionConfigurationPlatforms) = preSolution
		Debug|Any CPU = Debug|Any CPU
		Release|Any CPU = Release|Any CPU
	EndGlobalSection
	GlobalSection(ProjectConfigurationPlatforms) = postSolution
		{61F48D4A-64C4-4651-84A2-393937BD6B6C}.Debug|Any CPU.ActiveCfg = Debug|Any CPU
		{61F48D4A-64C4-4651-84A2-393937BD6B6C}.Debug|Any CPU.Build.0 = Debug|Any CPU
		{61F48D4A-64C4-4651-84A2-393937BD6B6C}.Release|Any CPU.ActiveCfg = Release|Any CPU
		{61F48D4A-64C4-4651-84A2-393937BD6B6C}.Release|Any CPU.Build.0 = Release|Any CPU
		{6293D7EB-84E0-43D7-B8A4-4C0A15AB829C}.Debug|Any CPU.ActiveCfg = Debug|Any CPU
		{6293D7EB-84E0-43D7-B8A4-4C0A15AB829C}.Debug|Any CPU.Build.0 = Debug|Any CPU
		{6293D7EB-84E0-43D7-B8A4-4C0A15AB829C}.Release|Any CPU.ActiveCfg = Release|Any CPU
		{6293D7EB-84E0-43D7-B8A4-4C0A15AB829C}.Release|Any CPU.Build.0 = Release|Any CPU
	EndGlobalSection
	GlobalSection(SolutionProperties) = preSolution
		HideSolutionNode = FALSE
	EndGlobalSection
EndGlobal
